
Microsoft Visual Studio Solution File, Format Version 12.00
# Visual Studio 14
VisualStudioVersion = 14.0.24627.0
MinimumVisualStudioVersion = 10.0.40219.1
Project("{FAE04EC0-301F-11D3-BF4B-00C04F79EFBC}") = "Telegram.Bot.Lib", "Telegram.Bot.Lib\Telegram.Bot.Lib.csproj", "{50E5C4C9-385B-4DD1-863C-D0E6C18EFE78}"
EndProject
Project("{FAE04EC0-301F-11D3-BF4B-00C04F79EFBC}") = "Telegram.Bot.Lib.Tests", "Telegram.Bot.Lib.Tests\Telegram.Bot.Lib.Tests.csproj", "{04380C70-CF44-4EDC-AFFB-0F365D3C3978}"
EndProject
Global
	GlobalSection(SolutionConfigurationPlatforms) = preSolution
		Debug|Any CPU = Debug|Any CPU
		Release|Any CPU = Release|Any CPU
	EndGlobalSection
	GlobalSection(ProjectConfigurationPlatforms) = postSolution
		{50E5C4C9-385B-4DD1-863C-D0E6C18EFE78}.Debug|Any CPU.ActiveCfg = Debug|Any CPU
		{50E5C4C9-385B-4DD1-863C-D0E6C18EFE78}.Debug|Any CPU.Build.0 = Debug|Any CPU
		{50E5C4C9-385B-4DD1-863C-D0E6C18EFE78}.Release|Any CPU.ActiveCfg = Release|Any CPU
		{50E5C4C9-385B-4DD1-863C-D0E6C18EFE78}.Release|Any CPU.Build.0 = Release|Any CPU
		{04380C70-CF44-4EDC-AFFB-0F365D3C3978}.Debug|Any CPU.ActiveCfg = Debug|Any CPU
		{04380C70-CF44-4EDC-AFFB-0F365D3C3978}.Debug|Any CPU.Build.0 = Debug|Any CPU
		{04380C70-CF44-4EDC-AFFB-0F365D3C3978}.Release|Any CPU.ActiveCfg = Release|Any CPU
		{04380C70-CF44-4EDC-AFFB-0F365D3C3978}.Release|Any CPU.Build.0 = Release|Any CPU
	EndGlobalSection
	GlobalSection(SolutionProperties) = preSolution
		HideSolutionNode = FALSE
	EndGlobalSection
EndGlobal
